
Microsoft Visual Studio Solution File, Format Version 12.00
# Visual Studio 2013
VisualStudioVersion = 12.0.31101.0
MinimumVisualStudioVersion = 10.0.40219.1
Project("{FAE04EC0-301F-11D3-BF4B-00C04F79EFBC}") = "DemoCSLA.Datos", "DemoCSLA.Datos\DemoCSLA.Datos.csproj", "{F2661FC5-666D-4092-BA65-7B090A54C5CB}"
EndProject
Project("{FAE04EC0-301F-11D3-BF4B-00C04F79EFBC}") = "DemoCSLA.Windows", "DemoCSLA.Windows\DemoCSLA.Windows.csproj", "{321B5E28-1DF2-4E0D-BC0D-7605B5E2ED75}"
EndProject
Project("{FAE04EC0-301F-11D3-BF4B-00C04F79EFBC}") = "DemoCSLA.Negocio", "DemoCSLA.Negocio\DemoCSLA.Negocio.csproj", "{B39007E5-495E-4657-957A-CC3221823B72}"
EndProject
Global
	GlobalSection(SolutionConfigurationPlatforms) = preSolution
		Debug|Any CPU = Debug|Any CPU
		Release|Any CPU = Release|Any CPU
	EndGlobalSection
	GlobalSection(ProjectConfigurationPlatforms) = postSolution
		{F2661FC5-666D-4092-BA65-7B090A54C5CB}.Debug|Any CPU.ActiveCfg = Debug|Any CPU
		{F2661FC5-666D-4092-BA65-7B090A54C5CB}.Debug|Any CPU.Build.0 = Debug|Any CPU
		{F2661FC5-666D-4092-BA65-7B090A54C5CB}.Release|Any CPU.ActiveCfg = Release|Any CPU
		{F2661FC5-666D-4092-BA65-7B090A54C5CB}.Release|Any CPU.Build.0 = Release|Any CPU
		{321B5E28-1DF2-4E0D-BC0D-7605B5E2ED75}.Debug|Any CPU.ActiveCfg = Debug|Any CPU
		{321B5E28-1DF2-4E0D-BC0D-7605B5E2ED75}.Debug|Any CPU.Build.0 = Debug|Any CPU
		{321B5E28-1DF2-4E0D-BC0D-7605B5E2ED75}.Release|Any CPU.ActiveCfg = Release|Any CPU
		{321B5E28-1DF2-4E0D-BC0D-7605B5E2ED75}.Release|Any CPU.Build.0 = Release|Any CPU
		{B39007E5-495E-4657-957A-CC3221823B72}.Debug|Any CPU.ActiveCfg = Debug|Any CPU
		{B39007E5-495E-4657-957A-CC3221823B72}.Debug|Any CPU.Build.0 = Debug|Any CPU
		{B39007E5-495E-4657-957A-CC3221823B72}.Release|Any CPU.ActiveCfg = Release|Any CPU
		{B39007E5-495E-4657-957A-CC3221823B72}.Release|Any CPU.Build.0 = Release|Any CPU
	EndGlobalSection
	GlobalSection(SolutionProperties) = preSolution
		HideSolutionNode = FALSE
	EndGlobalSection
EndGlobal
